<?xml version="1.0" encoding="utf-8"?>
<Project ToolsVersion="4.0" xmlns="http://schemas.microsoft.com/developer/msbuild/2003">
  <ItemGroup>
    <Filter Include="win32">
      <UniqueIdentifier>{84a8ebd7-7cf0-47f6-b75e-d441df67da40}</UniqueIdentifier>
    </Filter>
    <Filter Include="resource">
      <UniqueIdentifier>{715254bc-d70b-4ec5-bf29-467dd3ace079}</UniqueIdentifier>
    </Filter>
    <Filter Include="src">
      <UniqueIdentifier>{bb6c862e-70e9-49d9-81b7-3829a6f50471}</UniqueIdentifier>
    </Filter>
    <Filter Include="src\EngineEx">
      <UniqueIdentifier>{3ce017cc-2e15-4bf8-b9cd-261288c61a8b}</UniqueIdentifier>
    </Filter>
    <Filter Include="src\Entity">
      <UniqueIdentifier>{ad814445-3794-423a-85ec-1a42e344cf4e}</UniqueIdentifier>
    </Filter>
    <Filter Include="src\QTE">
      <UniqueIdentifier>{b87f5ac3-149e-4662-9fc2-74776d654c8f}</UniqueIdentifier>
    </Filter>
    <Filter Include="src\Scene">
      <UniqueIdentifier>{a40f2829-89bc-4ec5-9118-bdd3da714821}</UniqueIdentifier>
    </Filter>
    <Filter Include="src\QTE\QTE_Handler">
      <UniqueIdentifier>{0af9c6d4-1a08-4d59-82bb-41088b6fdd9f}</UniqueIdentifier>
    </Filter>
    <Filter Include="src\QTE\QTE_Layer">
      <UniqueIdentifier>{3689f44a-e47c-441c-a9b0-c13fc281c4a7}</UniqueIdentifier>
    </Filter>
  </ItemGroup>
  <ItemGroup>
    <ClCompile Include="main.cpp">
      <Filter>win32</Filter>
    </ClCompile>
    <ClCompile Include="..\Classes\AppDelegate.cpp">
      <Filter>src</Filter>
    </ClCompile>
    <ClCompile Include="..\Classes\EngineEx\Animate3DWithEvent.cpp">
      <Filter>src\EngineEx</Filter>
    </ClCompile>
    <ClCompile Include="..\Classes\Entity\Entity.cpp">
      <Filter>src\Entity</Filter>
    </ClCompile>
    <ClCompile Include="..\Classes\Entity\Ground.cpp">
      <Filter>src\Entity</Filter>
    </ClCompile>
    <ClCompile Include="..\Classes\Entity\Soldier.cpp">
      <Filter>src\Entity</Filter>
    </ClCompile>
    <ClCompile Include="..\Classes\QTE\QTESystem.cpp">
      <Filter>src\QTE</Filter>
    </ClCompile>
    <ClCompile Include="..\Classes\GameWorld.cpp">
      <Filter>src</Filter>
    </ClCompile>
    <ClCompile Include="..\Classes\Scene\MainGameScene.cpp">
      <Filter>src\Scene</Filter>
    </ClCompile>
    <ClCompile Include="..\Classes\QTE\QteHandler.cpp">
      <Filter>src\QTE\QTE_Handler</Filter>
    </ClCompile>
    <ClCompile Include="..\Classes\QTE\QteLayer.cpp">
      <Filter>src\QTE\QTE_Layer</Filter>
    </ClCompile>
    <ClCompile Include="..\Classes\QTE\QteInfo.cpp">
      <Filter>src\QTE</Filter>
    </ClCompile>
  </ItemGroup>
  <ItemGroup>
    <ClInclude Include="main.h">
      <Filter>win32</Filter>
    </ClInclude>
    <ClInclude Include="..\Classes\AppDelegate.h">
      <Filter>src</Filter>
    </ClInclude>
    <ClInclude Include="..\Classes\Predefines.h">
      <Filter>src</Filter>
    </ClInclude>
    <ClInclude Include="..\Classes\EngineEx\Animate3DWithEvent.h">
      <Filter>src\EngineEx</Filter>
    </ClInclude>
    <ClInclude Include="..\Classes\Entity\Entity.h">
      <Filter>src\Entity</Filter>
    </ClInclude>
    <ClInclude Include="..\Classes\Entity\Ground.h">
      <Filter>src\Entity</Filter>
    </ClInclude>
    <ClInclude Include="..\Classes\Entity\Soldier.h">
      <Filter>src\Entity</Filter>
    </ClInclude>
    <ClInclude Include="..\Classes\Entity\EntityUtils.h">
      <Filter>src\Entity</Filter>
    </ClInclude>
    <ClInclude Include="..\Classes\QTE\QTESystem.h">
      <Filter>src\QTE</Filter>
    </ClInclude>
    <ClInclude Include="..\Classes\GameWorld.h">
      <Filter>src</Filter>
    </ClInclude>
    <ClInclude Include="..\Classes\Scene\MainGameScene.h">
      <Filter>src\Scene</Filter>
    </ClInclude>
    <ClInclude Include="..\Classes\QTE\QteHandler.h">
      <Filter>src\QTE\QTE_Handler</Filter>
    </ClInclude>
    <ClInclude Include="..\Classes\QTE\QteLayer.h">
      <Filter>src\QTE\QTE_Layer</Filter>
    </ClInclude>
    <ClInclude Include="..\Classes\QTE\QteInfo.h">
      <Filter>src\QTE</Filter>
    </ClInclude>
  </ItemGroup>
  <ItemGroup>
    <ResourceCompile Include="game.rc">
      <Filter>resource</Filter>
    </ResourceCompile>
  </ItemGroup>
</Project>